
Microsoft Visual Studio Solution File, Format Version 12.00
# Visual Studio Version 17
VisualStudioVersion = 17.9.34728.123
MinimumVisualStudioVersion = 10.0.40219.1
Project("{9A19103F-16F7-4668-BE54-9A1E7A4F7556}") = "OpenCV.Client", "src\OpenCV.Client\OpenCV.Client.csproj", "{B5A71803-675F-4BCF-9665-D6E14F1F84CB}"
EndProject
Global
	GlobalSection(SolutionConfigurationPlatforms) = preSolution
		Debug|Any CPU = Debug|Any CPU
		Release|Any CPU = Release|Any CPU
	EndGlobalSection
	GlobalSection(ProjectConfigurationPlatforms) = postSolution
		{B5A71803-675F-4BCF-9665-D6E14F1F84CB}.Debug|Any CPU.ActiveCfg = Debug|Any CPU
		{B5A71803-675F-4BCF-9665-D6E14F1F84CB}.Debug|Any CPU.Build.0 = Debug|Any CPU
		{B5A71803-675F-4BCF-9665-D6E14F1F84CB}.Release|Any CPU.ActiveCfg = Release|Any CPU
		{B5A71803-675F-4BCF-9665-D6E14F1F84CB}.Release|Any CPU.Build.0 = Release|Any CPU
	EndGlobalSection
	GlobalSection(SolutionProperties) = preSolution
		HideSolutionNode = FALSE
	EndGlobalSection
	GlobalSection(ExtensibilityGlobals) = postSolution
		SolutionGuid = {5CB9E226-4C29-4FA3-B14A-DABA566BE585}
	EndGlobalSection
EndGlobal
